
Microsoft Visual Studio Solution File, Format Version 12.00
# Visual Studio Version 17
VisualStudioVersion = 17.7.34018.315
MinimumVisualStudioVersion = 10.0.40219.1
Project("{FAE04EC0-301F-11D3-BF4B-00C04F79EFBC}") = "ISS Client", "ISS Query\ISS Client.csproj", "{768FFCB7-EB45-41FF-A8DD-CCDF3EE700E7}"
EndProject
Project("{FAE04EC0-301F-11D3-BF4B-00C04F79EFBC}") = "QueryService", "QueryService\QueryService.csproj", "{9FF5F1F5-E974-4A99-AE70-45B60A8F5F90}"
EndProject
Global
	GlobalSection(SolutionConfigurationPlatforms) = preSolution
		Debug|Any CPU = Debug|Any CPU
		Release|Any CPU = Release|Any CPU
	EndGlobalSection
	GlobalSection(ProjectConfigurationPlatforms) = postSolution
		{768FFCB7-EB45-41FF-A8DD-CCDF3EE700E7}.Debug|Any CPU.ActiveCfg = Debug|Any CPU
		{768FFCB7-EB45-41FF-A8DD-CCDF3EE700E7}.Debug|Any CPU.Build.0 = Debug|Any CPU
		{768FFCB7-EB45-41FF-A8DD-CCDF3EE700E7}.Release|Any CPU.ActiveCfg = Release|Any CPU
		{768FFCB7-EB45-41FF-A8DD-CCDF3EE700E7}.Release|Any CPU.Build.0 = Release|Any CPU
		{9FF5F1F5-E974-4A99-AE70-45B60A8F5F90}.Debug|Any CPU.ActiveCfg = Debug|Any CPU
		{9FF5F1F5-E974-4A99-AE70-45B60A8F5F90}.Debug|Any CPU.Build.0 = Debug|Any CPU
		{9FF5F1F5-E974-4A99-AE70-45B60A8F5F90}.Release|Any CPU.ActiveCfg = Release|Any CPU
		{9FF5F1F5-E974-4A99-AE70-45B60A8F5F90}.Release|Any CPU.Build.0 = Release|Any CPU
	EndGlobalSection
	GlobalSection(SolutionProperties) = preSolution
		HideSolutionNode = FALSE
	EndGlobalSection
	GlobalSection(ExtensibilityGlobals) = postSolution
		SolutionGuid = {68818AD1-5964-4689-8319-9D846E191968}
	EndGlobalSection
EndGlobal
